{
  "nodes": {
    "arduino-nix": {
      "locked": {
        "lastModified": 1735332078,
        "narHash": "sha256-PGZVUTg8BQKL1QgTr3Fcia8RBYYqsbHbx9lIunqdmxQ=",
        "owner": "bouk",
        "repo": "arduino-nix",
        "rev": "dd6c6f4de7d8d8bb460508de911c120dfc35b709",
        "type": "github"
      },
      "original": {
        "owner": "bouk",
        "repo": "arduino-nix",
        "type": "github"
      }
    },
    "nixpkgs": {
      "locked": {
        "lastModified": 1731603435,
        "narHash": "sha256-CqCX4JG7UiHvkrBTpYC3wcEurvbtTADLbo3Ns2CEoL8=",
        "owner": "NixOS",
        "repo": "nixpkgs",
        "rev": "8b27c1239e5c421a2bbc2c65d52e4a6fbf2ff296",
        "type": "github"
      },
      "original": {
        "owner": "NixOS",
        "ref": "24.11",
        "repo": "nixpkgs",
        "type": "github"
      }
    },
    "root": {
      "inputs": {
        "arduino-nix": "arduino-nix",
        "nixpkgs": "nixpkgs"
      }
    }
  },
  "root": "root",
  "version": 7
}
